PODS:
  - AppAuth (1.5.0):
    - AppAuth/Core (= 1.5.0)
    - AppAuth/ExternalUserAgent (= 1.5.0)
  - AppAuth/Core (1.5.0)
  - AppAuth/ExternalUserAgent (1.5.0):
    - AppAuth/Core
  - audio_service (0.0.1):
    - Flutter
  - audio_session (0.0.1):
    - Flutter
  - charset_converter (0.0.1):
    - Flutter
  - DKImagePickerController/Core (4.3.3):
    - DKImagePickerController/ImageDataManager
    - DKImagePickerController/Resource
  - DKImagePickerController/ImageDataManager (4.3.3)
  - DKImagePickerController/PhotoGallery (4.3.3):
    - DKImagePickerController/Core
    - DKPhotoGallery
  - DKImagePickerController/Resource (4.3.3)
  - DKPhotoGallery (0.0.17):
    - DKPhotoGallery/Core (= 0.0.17)
    - DKPhotoGallery/Model (= 0.0.17)
    - DKPhotoGallery/Preview (= 0.0.17)
    - DKPhotoGallery/Resource (= 0.0.17)
    - SDWebImage
    - SwiftyGif
  - DKPhotoGallery/Core (0.0.17):
    - DKPhotoGallery/Model
    - DKPhotoGallery/Preview
    - SDWebImage
    - SwiftyGif
  - DKPhotoGallery/Model (0.0.17):
    - SDWebImage
    - SwiftyGif
  - DKPhotoGallery/Preview (0.0.17):
    - DKPhotoGallery/Model
    - DKPhotoGallery/Resource
    - SDWebImage
    - SwiftyGif
  - DKPhotoGallery/Resource (0.0.17):
    - SDWebImage
    - SwiftyGif
  - file_picker (0.0.1):
    - DKImagePickerController/PhotoGallery
    - Flutter
  - FirebaseCore (8.15.0):
    - FirebaseCoreDiagnostics (~> 8.0)
    - GoogleUtilities/Environment (~> 7.7)
    - GoogleUtilities/Logger (~> 7.7)
  - FirebaseCoreDiagnostics (8.15.0):
    - GoogleDataTransport (~> 9.1)
    - GoogleUtilities/Environment (~> 7.7)
    - GoogleUtilities/Logger (~> 7.7)
    - nanopb (~> 2.30908.0)
  - FirebaseInstallations (8.15.0):
    - FirebaseCore (~> 8.0)
    - GoogleUtilities/Environment (~> 7.7)
    - GoogleUtilities/UserDefaults (~> 7.7)
    - PromisesObjC (< 3.0, >= 1.2)
  - Flutter (1.0.0)
  - flutter_charset_detector (0.0.1):
    - Flutter
    - UniversalDetector2
  - flutter_file_dialog (0.0.1):
    - Flutter
  - flutter_native_splash (0.0.1):
    - Flutter
  - flutter_tts (0.0.1):
    - Flutter
  - fluttertoast (0.0.2):
    - Flutter
    - Toast
  - FMDB (2.7.5):
    - FMDB/standard (= 2.7.5)
  - FMDB/standard (2.7.5)
  - Google-Mobile-Ads-SDK (8.13.0):
    - GoogleAppMeasurement (< 9.0, >= 7.0)
    - GoogleUserMessagingPlatform (>= 1.1)
  - google_ml_kit (0.6.0):
    - Flutter
    - GoogleMLKit/BarcodeScanning (~> 2.2.0)
    - GoogleMLKit/DigitalInkRecognition (~> 2.2.0)
    - GoogleMLKit/FaceDetection (~> 2.2.0)
    - GoogleMLKit/ImageLabeling (~> 2.2.0)
    - GoogleMLKit/ImageLabelingCustom (~> 2.2.0)
    - GoogleMLKit/LanguageID (~> 2.2.0)
    - GoogleMLKit/LinkFirebase (~> 2.2.0)
    - GoogleMLKit/PoseDetection (~> 2.2.0)
    - GoogleMLKit/PoseDetectionAccurate (~> 2.2.0)
    - GoogleMLKit/TextRecognition (~> 2.2.0)
  - google_mobile_ads (0.0.1):
    - Flutter
    - Google-Mobile-Ads-SDK (= 8.13.0)
  - google_sign_in (0.0.1):
    - Flutter
    - GoogleSignIn (~> 5.0)
  - GoogleAppMeasurement (8.15.0):
    - GoogleAppMeasurement/AdIdSupport (= 8.15.0)
    - GoogleUtilities/AppDelegateSwizzler (~> 7.7)
    - GoogleUtilities/MethodSwizzler (~> 7.7)
    - GoogleUtilities/Network (~> 7.7)
    - "GoogleUtilities/NSData+zlib (~> 7.7)"
    - nanopb (~> 2.30908.0)
  - GoogleAppMeasurement/AdIdSupport (8.15.0):
    - GoogleAppMeasurement/WithoutAdIdSupport (= 8.15.0)
    - GoogleUtilities/AppDelegateSwizzler (~> 7.7)
    - GoogleUtilities/MethodSwizzler (~> 7.7)
    - GoogleUtilities/Network (~> 7.7)
    - "GoogleUtilities/NSData+zlib (~> 7.7)"
    - nanopb (~> 2.30908.0)
  - GoogleAppMeasurement/WithoutAdIdSupport (8.15.0):
    - GoogleUtilities/AppDelegateSwizzler (~> 7.7)
    - GoogleUtilities/MethodSwizzler (~> 7.7)
    - GoogleUtilities/Network (~> 7.7)
    - "GoogleUtilities/NSData+zlib (~> 7.7)"
    - nanopb (~> 2.30908.0)
  - GoogleDataTransport (9.1.2):
    - GoogleUtilities/Environment (~> 7.2)
    - nanopb (~> 2.30908.0)
    - PromisesObjC (< 3.0, >= 1.2)
  - GoogleMLKit/BarcodeScanning (2.2.0):
    - GoogleMLKit/MLKitCore
    - MLKitBarcodeScanning (~> 1.3.0)
  - GoogleMLKit/DigitalInkRecognition (2.2.0):
    - GoogleMLKit/MLKitCore
    - MLKitDigitalInkRecognition (~> 1.3.0)
  - GoogleMLKit/FaceDetection (2.2.0):
    - GoogleMLKit/MLKitCore
    - MLKitFaceDetection (~> 1.3.0)
  - GoogleMLKit/ImageLabeling (2.2.0):
    - GoogleMLKit/MLKitCore
    - MLKitImageLabeling (~> 1.3.0)
  - GoogleMLKit/ImageLabelingCustom (2.2.0):
    - GoogleMLKit/MLKitCore
    - MLKitImageLabelingCustom (~> 1.3.0)
  - GoogleMLKit/LanguageID (2.2.0):
    - GoogleMLKit/MLKitCore
    - MLKitLanguageID (~> 1.3.0)
  - GoogleMLKit/LinkFirebase (2.2.0):
    - GoogleMLKit/MLKitCore
    - MLKitLinkFirebase (~> 1.3.0)
  - GoogleMLKit/MLKitCore (2.2.0):
    - MLKitCommon (~> 3.0.0)
  - GoogleMLKit/PoseDetection (2.2.0):
    - GoogleMLKit/MLKitCore
    - MLKitPoseDetection (~> 1.0.0-beta4)
  - GoogleMLKit/PoseDetectionAccurate (2.2.0):
    - GoogleMLKit/MLKitCore
    - MLKitPoseDetectionAccurate (~> 1.0.0-beta4)
  - GoogleMLKit/TextRecognition (2.2.0):
    - GoogleMLKit/MLKitCore
    - MLKitTextRecognition (~> 1.3.0)
  - GoogleSignIn (5.0.2):
    - AppAuth (~> 1.2)
    - GTMAppAuth (~> 1.0)
    - GTMSessionFetcher/Core (~> 1.1)
  - GoogleToolboxForMac/DebugUtils (2.3.2):
    - GoogleToolboxForMac/Defines (= 2.3.2)
  - GoogleToolboxForMac/Defines (2.3.2)
  - GoogleToolboxForMac/Logger (2.3.2):
    - GoogleToolboxForMac/Defines (= 2.3.2)
  - "GoogleToolboxForMac/NSData+zlib (2.3.2)":
    - GoogleToolboxForMac/Defines (= 2.3.2)
  - "GoogleToolboxForMac/NSDictionary+URLArguments (2.3.2)":
    - GoogleToolboxForMac/DebugUtils (= 2.3.2)
    - GoogleToolboxForMac/Defines (= 2.3.2)
    - "GoogleToolboxForMac/NSString+URLArguments (= 2.3.2)"
  - "GoogleToolboxForMac/NSString+URLArguments (2.3.2)"
  - GoogleToolboxForMac/StringEncoding (2.3.2):
    - GoogleToolboxForMac/Defines (= 2.3.2)
  - GoogleUserMessagingPlatform (2.0.0)
  - GoogleUtilities/AppDelegateSwizzler (7.7.0):
    - GoogleUtilities/Environment
    - GoogleUtilities/Logger
    - GoogleUtilities/Network
  - GoogleUtilities/Environment (7.7.0):
    - PromisesObjC (< 3.0, >= 1.2)
  - GoogleUtilities/Logger (7.7.0):
    - GoogleUtilities/Environment
  - GoogleUtilities/MethodSwizzler (7.7.0):
    - GoogleUtilities/Logger
  - GoogleUtilities/Network (7.7.0):
    - GoogleUtilities/Logger
    - "GoogleUtilities/NSData+zlib"
    - GoogleUtilities/Reachability
  - "GoogleUtilities/NSData+zlib (7.7.0)"
  - GoogleUtilities/Reachability (7.7.0):
    - GoogleUtilities/Logger
  - GoogleUtilities/UserDefaults (7.7.0):
    - GoogleUtilities/Logger
  - GoogleUtilitiesComponents (1.1.0):
    - GoogleUtilities/Logger
  - GTMAppAuth (1.2.3):
    - AppAuth/Core (~> 1.4)
    - GTMSessionFetcher/Core (~> 1.5)
  - GTMSessionFetcher/Core (1.7.1)
  - integration_test (0.0.1):
    - Flutter
  - isar_flutter_libs (1.0.0):
    - Flutter
  - MLImage (1.0.0-beta1)
  - MLKitBarcodeScanning (1.3.0):
    - MLKitCommon (~> 3.0)
    - MLKitVision (~> 1.3)
  - MLKitCommon (3.0.0):
    - GoogleDataTransport (~> 9.0)
    - GoogleToolboxForMac/Logger (~> 2.1)
    - "GoogleToolboxForMac/NSData+zlib (~> 2.1)"
    - "GoogleToolboxForMac/NSDictionary+URLArguments (~> 2.1)"
    - GoogleUtilities/UserDefaults (~> 7.0)
    - GoogleUtilitiesComponents (~> 1.0)
    - GTMSessionFetcher/Core (~> 1.1)
    - Protobuf (~> 3.12)
  - MLKitDigitalInkRecognition (1.3.0):
    - MLKitCommon (~> 3.0)
    - MLKitMDD (~> 1.3)
    - SSZipArchive (~> 2.1)
  - MLKitFaceDetection (1.3.0):
    - MLKitCommon (~> 3.0)
    - MLKitVision (~> 1.3)
  - MLKitImageLabeling (1.3.0):
    - MLKitCommon (~> 3.0)
    - MLKitImageLabelingCommon (~> 1.3)
    - MLKitVision (~> 1.3)
    - MLKitVisionKit (~> 2.2)
  - MLKitImageLabelingCommon (1.3.0):
    - MLKitCommon (~> 3.0)
    - MLKitVision (~> 1.3)
  - MLKitImageLabelingCustom (1.3.0):
    - MLKitCommon (~> 3.0)
    - MLKitImageLabelingCommon (~> 1.3)
    - MLKitVision (~> 1.3)
    - MLKitVisionKit (~> 2.2)
  - MLKitLanguageID (1.3.0):
    - MLKitNaturalLanguage (~> 1.3)
  - MLKitLinkFirebase (1.3.0):
    - FirebaseCore (~> 8.0)
    - FirebaseInstallations (~> 8.0)
    - GTMSessionFetcher/Core (~> 1.1)
    - MLKitCommon (~> 3.0)
  - MLKitMDD (1.3.0):
    - MLKitCommon (~> 3.0)
  - MLKitNaturalLanguage (1.3.0):
    - GoogleToolboxForMac/Logger (~> 2.1)
    - "GoogleToolboxForMac/NSData+zlib (~> 2.1)"
    - "GoogleToolboxForMac/NSDictionary+URLArguments (~> 2.1)"
    - GoogleToolboxForMac/StringEncoding (~> 2.1)
    - GTMSessionFetcher/Core (~> 1.1)
    - MLKitCommon (~> 3.0)
    - Protobuf (~> 3.12)
  - MLKitObjectDetectionCommon (1.3.0):
    - MLKitCommon (~> 3.0)
    - MLKitVision (~> 1.3)
  - MLKitPoseDetection (1.0.0-beta4):
    - MLKitCommon (~> 3.0)
    - MLKitPoseDetectionCommon (= 1.0.0-beta4)
    - MLKitXenoCommon (= 1.0.0-beta4)
  - MLKitPoseDetectionAccurate (1.0.0-beta4):
    - MLKitCommon (~> 3.0)
    - MLKitPoseDetectionCommon (= 1.0.0-beta4)
    - MLKitXenoCommon (= 1.0.0-beta4)
  - MLKitPoseDetectionCommon (1.0.0-beta4):
    - MLKitCommon (~> 3.0)
    - MLKitXenoCommon (= 1.0.0-beta4)
  - MLKitTextRecognition (1.3.0):
    - MLKitCommon (~> 3.0)
    - MLKitVision (~> 1.3)
  - MLKitVision (1.3.0):
    - GoogleToolboxForMac/Logger (~> 2.1)
    - "GoogleToolboxForMac/NSData+zlib (~> 2.1)"
    - GTMSessionFetcher/Core (~> 1.1)
    - MLImage (= 1.0.0-beta1)
    - MLKitCommon (~> 3.0)
    - Protobuf (~> 3.12)
  - MLKitVisionKit (2.2.0):
    - MLKitCommon (~> 3.0)
    - MLKitImageLabelingCommon (~> 1.3)
    - MLKitObjectDetectionCommon (~> 1.3)
    - MLKitVision (~> 1.3)
  - MLKitXenoCommon (1.0.0-beta4):
    - MLKitCommon (~> 3.0)
    - MLKitVision (~> 1.3)
  - nanopb (2.30908.0):
    - nanopb/decode (= 2.30908.0)
    - nanopb/encode (= 2.30908.0)
  - nanopb/decode (2.30908.0)
  - nanopb/encode (2.30908.0)
  - package_info (0.0.1):
    - Flutter
  - path_provider_ios (0.0.1):
    - Flutter
  - PromisesObjC (2.1.0)
  - Protobuf (3.20.1)
  - SDWebImage (5.12.5):
    - SDWebImage/Core (= 5.12.5)
  - SDWebImage/Core (5.12.5)
  - share_plus (0.0.1):
    - Flutter
  - sqflite (0.0.2):
    - Flutter
    - FMDB (>= 2.7.5)
  - SSZipArchive (2.4.3)
  - store_checker (0.0.1):
    - Flutter
  - SwiftyGif (5.4.3)
  - Toast (4.0.0)
  - UniversalDetector2 (2.0.0)
  - url_launcher_ios (0.0.1):
    - Flutter
  - wakelock (0.0.1):
    - Flutter

DEPENDENCIES:
  - audio_service (from `.symlinks/plugins/audio_service/ios`)
  - audio_session (from `.symlinks/plugins/audio_session/ios`)
  - charset_converter (from `.symlinks/plugins/charset_converter/ios`)
  - file_picker (from `.symlinks/plugins/file_picker/ios`)
  - Flutter (from `Flutter`)
  - flutter_charset_detector (from `.symlinks/plugins/flutter_charset_detector/ios`)
  - flutter_file_dialog (from `.symlinks/plugins/flutter_file_dialog/ios`)
  - flutter_native_splash (from `.symlinks/plugins/flutter_native_splash/ios`)
  - flutter_tts (from `.symlinks/plugins/flutter_tts/ios`)
  - fluttertoast (from `.symlinks/plugins/fluttertoast/ios`)
  - google_ml_kit (from `.symlinks/plugins/google_ml_kit/ios`)
  - google_mobile_ads (from `.symlinks/plugins/google_mobile_ads/ios`)
  - google_sign_in (from `.symlinks/plugins/google_sign_in/ios`)
  - integration_test (from `.symlinks/plugins/integration_test/ios`)
  - isar_flutter_libs (from `.symlinks/plugins/isar_flutter_libs/ios`)
  - package_info (from `.symlinks/plugins/package_info/ios`)
  - path_provider_ios (from `.symlinks/plugins/path_provider_ios/ios`)
  - share_plus (from `.symlinks/plugins/share_plus/ios`)
  - sqflite (from `.symlinks/plugins/sqflite/ios`)
  - store_checker (from `.symlinks/plugins/store_checker/ios`)
  - url_launcher_ios (from `.symlinks/plugins/url_launcher_ios/ios`)
  - wakelock (from `.symlinks/plugins/wakelock/ios`)

SPEC REPOS:
  trunk:
    - AppAuth
    - DKImagePickerController
    - DKPhotoGallery
    - FirebaseCore
    - FirebaseCoreDiagnostics
    - FirebaseInstallations
    - FMDB
    - Google-Mobile-Ads-SDK
    - GoogleAppMeasurement
    - GoogleDataTransport
    - GoogleMLKit
    - GoogleSignIn
    - GoogleToolboxForMac
    - GoogleUserMessagingPlatform
    - GoogleUtilities
    - GoogleUtilitiesComponents
    - GTMAppAuth
    - GTMSessionFetcher
    - MLImage
    - MLKitBarcodeScanning
    - MLKitCommon
    - MLKitDigitalInkRecognition
    - MLKitFaceDetection
    - MLKitImageLabeling
    - MLKitImageLabelingCommon
    - MLKitImageLabelingCustom
    - MLKitLanguageID
    - MLKitLinkFirebase
    - MLKitMDD
    - MLKitNaturalLanguage
    - MLKitObjectDetectionCommon
    - MLKitPoseDetection
    - MLKitPoseDetectionAccurate
    - MLKitPoseDetectionCommon
    - MLKitTextRecognition
    - MLKitVision
    - MLKitVisionKit
    - MLKitXenoCommon
    - nanopb
    - PromisesObjC
    - Protobuf
    - SDWebImage
    - SSZipArchive
    - SwiftyGif
    - Toast
    - UniversalDetector2

EXTERNAL SOURCES:
  audio_service:
    :path: ".symlinks/plugins/audio_service/ios"
  audio_session:
    :path: ".symlinks/plugins/audio_session/ios"
  charset_converter:
    :path: ".symlinks/plugins/charset_converter/ios"
  file_picker:
    :path: ".symlinks/plugins/file_picker/ios"
  Flutter:
    :path: Flutter
  flutter_charset_detector:
    :path: ".symlinks/plugins/flutter_charset_detector/ios"
  flutter_file_dialog:
    :path: ".symlinks/plugins/flutter_file_dialog/ios"
  flutter_native_splash:
    :path: ".symlinks/plugins/flutter_native_splash/ios"
  flutter_tts:
    :path: ".symlinks/plugins/flutter_tts/ios"
  fluttertoast:
    :path: ".symlinks/plugins/fluttertoast/ios"
  google_ml_kit:
    :path: ".symlinks/plugins/google_ml_kit/ios"
  google_mobile_ads:
    :path: ".symlinks/plugins/google_mobile_ads/ios"
  google_sign_in:
    :path: ".symlinks/plugins/google_sign_in/ios"
  integration_test:
    :path: ".symlinks/plugins/integration_test/ios"
  isar_flutter_libs:
    :path: ".symlinks/plugins/isar_flutter_libs/ios"
  package_info:
    :path: ".symlinks/plugins/package_info/ios"
  path_provider_ios:
    :path: ".symlinks/plugins/path_provider_ios/ios"
  share_plus:
    :path: ".symlinks/plugins/share_plus/ios"
  sqflite:
    :path: ".symlinks/plugins/sqflite/ios"
  store_checker:
    :path: ".symlinks/plugins/store_checker/ios"
  url_launcher_ios:
    :path: ".symlinks/plugins/url_launcher_ios/ios"
  wakelock:
    :path: ".symlinks/plugins/wakelock/ios"

SPEC CHECKSUMS:
  AppAuth: 80317d99ac7ff2801a2f18ff86b48cd315ed465d
  audio_service: f509d65da41b9521a61f1c404dd58651f265a567
  audio_session: 4f3e461722055d21515cf3261b64c973c062f345
  charset_converter: 215c7b04932ec2b9ba43be96a9bc34afed3e5322
  DKImagePickerController: 72fd378f244cef3d27288e0aebf217a4467e4012
  DKPhotoGallery: fdfad5125a9fdda9cc57df834d49df790dbb4179
  file_picker: 3e6c3790de664ccf9b882732d9db5eaf6b8d4eb1
  FirebaseCore: 5743c5785c074a794d35f2fff7ecc254a91e08b1
  FirebaseCoreDiagnostics: 92e07a649aeb66352b319d43bdd2ee3942af84cb
  FirebaseInstallations: 40bd9054049b2eae9a2c38ef1c3dd213df3605cd
  Flutter: 50d75fe2f02b26cc09d224853bb45737f8b3214a
  flutter_charset_detector: c446c2d0da8991a0bd3dbb9842ff3af415484582
  flutter_file_dialog: 4c014a45b105709a27391e266c277d7e588e9299
  flutter_native_splash: 52501b97d1c0a5f898d687f1646226c1f93c56ef
  flutter_tts: 0f492aab6accf87059b72354fcb4ba934304771d
  fluttertoast: 16fbe6039d06a763f3533670197d01fc73459037
  FMDB: 2ce00b547f966261cd18927a3ddb07cb6f3db82a
  Google-Mobile-Ads-SDK: 05e5d68bb42a61b2e5bef336a52789785605aa22
  google_ml_kit: a85eefb9ea6156b27ee2fba2b71e461e7b26a4f6
  google_mobile_ads: 36eaaacc5c08ca2b9c4878232ab98152b11805cc
  google_sign_in: c5cecea71f3be43282263550556e311c4cc03582
  GoogleAppMeasurement: 4c19f031220c72464d460c9daa1fb5d1acce958e
  GoogleDataTransport: 629c20a4d363167143f30ea78320d5a7eb8bd940
  GoogleMLKit: 85ffdc9641d05311c76dbba5bbf93059087be12f
  GoogleSignIn: 7137d297ddc022a7e0aa4619c86d72c909fa7213
  GoogleToolboxForMac: 8bef7c7c5cf7291c687cf5354f39f9db6399ad34
  GoogleUserMessagingPlatform: ab890ce5f6620f293a21b6bdd82e416a2c73aeca
  GoogleUtilities: e0913149f6b0625b553d70dae12b49fc62914fd1
  GoogleUtilitiesComponents: 679b2c881db3b615a2777504623df6122dd20afe
  GTMAppAuth: 987526d41b07efb1bedda5e936fe0cb718a03113
  GTMSessionFetcher: 4577a4cc914a5a07c40a8a0ad0acc22080418c2d
  integration_test: a1e7d09bd98eca2fc37aefd79d4f41ad37bdbbe5
  isar_flutter_libs: 5a34aebdd82e388db81dad8dd26786a642bb5b90
  MLImage: 647f3d580c10b3c9a3f6154f5d7baead60c42a0c
  MLKitBarcodeScanning: 6b998bd1cfe471ae407a7f647d649494617787c0
  MLKitCommon: 6d6be0a2e9a6340aad1c1f2b9449c11dee8af70f
  MLKitDigitalInkRecognition: 7913834c241b25f9dff538fa1cebe3d59afccf66
  MLKitFaceDetection: 897f007aa4eb426ef1bac7c66e5451d02ffc2e83
  MLKitImageLabeling: fc44a4f90b1cf16bcb62c043d477c052ba7539ca
  MLKitImageLabelingCommon: fbe695a04fb236555e6b7e69e7def153a04324c1
  MLKitImageLabelingCustom: 83e609e6b7dd8a16dc8790ef325bab1372d1d91d
  MLKitLanguageID: 3848cf59a1693e2076ba65b37da261c674f97170
  MLKitLinkFirebase: ae5bd6996d0a1a3d3e0bb4c634b594101c07d094
  MLKitMDD: 37b4fbb5fd45809e646fca676945d6a8479ae66e
  MLKitNaturalLanguage: 2a0295232578461ec25bf5933e45570c3b651d27
  MLKitObjectDetectionCommon: 6abf300c61cd781ee3abc8abea8a3f8baca886dc
  MLKitPoseDetection: bbc263ae4e961e83c9350abe919cff183797e687
  MLKitPoseDetectionAccurate: c87162574669a84b89fdd0279a1f0722faa99b6e
  MLKitPoseDetectionCommon: 5dedea934317c80c32b5eda8ede161128e096bdc
  MLKitTextRecognition: fd52b7b3cef00751c202475f5a147e9752130767
  MLKitVision: 26da299aef93291f24f5200e8372919f73abf3b5
  MLKitVisionKit: 226bac429eda1d84285409e31ce9da72606850fb
  MLKitXenoCommon: bf5b3528d77cabe0d04f3c13536ba1302346e31c
  nanopb: a0ba3315591a9ae0a16a309ee504766e90db0c96
  package_info: 873975fc26034f0b863a300ad47e7f1ac6c7ec62
  path_provider_ios: 7d7ce634493af4477d156294792024ec3485acd5
  PromisesObjC: 99b6f43f9e1044bd87a95a60beff28c2c44ddb72
  Protobuf: b60ec2f51ad74765f44d0c09d2e0579d7de21745
  SDWebImage: 0905f1b7760fc8ac4198cae0036600d67478751e
  share_plus: 056a1e8ac890df3e33cb503afffaf1e9b4fbae68
  sqflite: 6d358c025f5b867b29ed92fc697fd34924e11904
  SSZipArchive: fe6a26b2a54d5a0890f2567b5cc6de5caa600aef
  store_checker: 359c5051d9ec30ff0a8fa39eb5ec9df021bb745d
  SwiftyGif: 6c3eafd0ce693cad58bb63d2b2fb9bacb8552780
  Toast: 91b396c56ee72a5790816f40d3a94dd357abc196
  UniversalDetector2: 8b226f8a7c8a65a6c449848cb664f92fb83cf81b
  url_launcher_ios: 02f1989d4e14e998335b02b67a7590fa34f971af
  wakelock: d0fc7c864128eac40eba1617cb5264d9c940b46f

PODFILE CHECKSUM: 4a3a93bbd1917c951f29405d319445bdafc6fdb3

COCOAPODS: 1.11.3
